dependencies:
  gatsby-source-filesystem: 2.1.48
lockfileVersion: 5.1
packages:
  /@babel/runtime/7.8.4:
    dependencies:
      regenerator-runtime: 0.13.3
    dev: false
    resolution:
      integrity: sha512-neAp3zt80trRVBI1x0azq6c57aNBqYZH8KhMm3TaB7wEI5Q4A2SHfBHE8w9gOhI/lrqxtEbXZgQIrHP+wvSGwQ==
  /@sindresorhus/is/0.7.0:
    dev: false
    engines:
      node: '>=4'
    resolution:
      integrity: sha512-ONhaKPIufzzrlNbqtWFFd+jlnemX6lJAgq9ZeiZtS7I1PIf/la7CW4m83rTXRnVnsMbW2k56pGYu7AUFJD9Pow==
  /anymatch/3.1.1:
    dependencies:
      normalize-path: 3.0.0
      picomatch: 2.2.1
    dev: false
    engines:
      node: '>= 8'
    resolution:
      integrity: sha512-mM8522psRCqzV+6LhomX5wgp25YVibjh8Wj23I5RPkPppSVSjyKD2A2mBJmWGa+KN7f2D6LNh9jkBCeyLktzjg==
  /better-queue-memory/1.0.4:
    dev: false
    resolution:
      integrity: sha512-SWg5wFIShYffEmJpI6LgbL8/3Dqhku7xI1oEiy6FroP9DbcZlG0ZDjxvPdP9t7hTGW40IpIcC6zVoGT1oxjOuA==
  /better-queue/3.8.10:
    dependencies:
      better-queue-memory: 1.0.4
      node-eta: 0.9.0
      uuid: 3.4.0
    dev: false
    resolution:
      integrity: sha512-e3gwNZgDCnNWl0An0Tz6sUjKDV9m6aB+K9Xg//vYeo8+KiH8pWhLFxkawcXhm6FpM//GfD9IQv/kmvWCAVVpKA==
  /binary-extensions/2.0.0:
    dev: false
    engines:
      node: '>=8'
    resolution:
      integrity: sha512-Phlt0plgpIIBOGTT/ehfFnbNlfsDEiqmzE2KRXoX1bLIlir4X/MR+zSyBEkL05ffWgnRSf/DXv+WrUAVr93/ow==
  /bluebird/3.7.2:
    dev: false
    resolution:
      integrity: sha512-XpNj6GDQzdfW+r2Wnn7xiSAd7TM3jzkxGXBGTtWKuSXv1xUV+azxAm8jdWZN06QTQk+2N2XB9jRDkvbmQmcRtg==
  /braces/3.0.2:
    dependencies:
      fill-range: 7.0.1
    dev: false
    engines:
      node: '>=8'
    resolution:
      integrity: sha512-b8um+L1RzM3WDSzvhm6gIz1yfTbBt6YTlcEKAvsmqCZZFw46z626lVj9j1yEPW33H5H+lBQpZMP1k8l+78Ha0A==
  /buffer-alloc-unsafe/1.1.0:
    dev: false
    resolution:
      integrity: sha512-TEM2iMIEQdJ2yjPJoSIsldnleVaAk1oW3DBVUykyOLsEsFmEc9kn+SFFPz+gl54KQNxlDnAwCXosOS9Okx2xAg==
  /buffer-alloc/1.2.0:
    dependencies:
      buffer-alloc-unsafe: 1.1.0
      buffer-fill: 1.0.0
    dev: false
    resolution:
      integrity: sha512-CFsHQgjtW1UChdXgbyJGtnm+O/uLQeZdtbDo8mfUgYXCHSM1wgrVxXm6bSyrUuErEb+4sYVGCzASBRot7zyrow==
  /buffer-fill/1.0.0:
    dev: false
    resolution:
      integrity: sha1-+PeLdniYiO858gXNY39o5wISKyw=
  /cacheable-request/2.1.4:
    dependencies:
      clone-response: 1.0.2
      get-stream: 3.0.0
      http-cache-semantics: 3.8.1
      keyv: 3.0.0
      lowercase-keys: 1.0.0
      normalize-url: 2.0.1
      responselike: 1.0.2
    dev: false
    resolution:
      integrity: sha1-DYCIAbY0KtM8kd+dC0TcCbkeXD0=
  /chokidar/3.3.0:
    dependencies:
      anymatch: 3.1.1
      braces: 3.0.2
      glob-parent: 5.1.0
      is-binary-path: 2.1.0
      is-glob: 4.0.1
      normalize-path: 3.0.0
      readdirp: 3.2.0
    dev: false
    engines:
      node: '>= 8.10.0'
    optionalDependencies:
      fsevents: 2.1.2
    resolution:
      integrity: sha512-dGmKLDdT3Gdl7fBUe8XK+gAtGmzy5Fn0XkkWQuYxGIgWVPPse2CxFA5mtrlD0TOHaHjEUqkWNyP1XdHoJES/4A==
  /ci-info/2.0.0:
    dev: false
    resolution:
      integrity: sha512-5tK7EtrZ0N+OLFMthtqOj4fI2Jeb88C4CAZPu25LDVUgXJ0A3Js4PMGqrn0JU1W0Mh1/Z8wZzYPxqUrXeBboCQ==
  /clone-response/1.0.2:
    dependencies:
      mimic-response: 1.0.1
    dev: false
    resolution:
      integrity: sha1-0dyXOSAxTfZ/vrlCI7TuNQI56Ws=
  /core-util-is/1.0.2:
    dev: false
    resolution:
      integrity: sha1-tf1UIgqivFq1eqtxQMlAdUUDwac=
  /decode-uri-component/0.2.0:
    dev: false
    engines:
      node: '>=0.10'
    resolution:
      integrity: sha1-6zkTMzRYd1y4TNGh+uBiEGu4dUU=
  /decompress-response/3.3.0:
    dependencies:
      mimic-response: 1.0.1
    dev: false
    engines:
      node: '>=4'
    resolution:
      integrity: sha1-gKTdMjdIOEv6JICDYirt7Jgq3/M=
  /duplexer3/0.1.4:
    dev: false
    resolution:
      integrity: sha1-7gHdHKwO08vH/b6jfcCo8c4ALOI=
  /file-type/12.4.2:
    dev: false
    engines:
      node: '>=8'
    resolution:
      integrity: sha512-UssQP5ZgIOKelfsaB5CuGAL+Y+q7EmONuiwF3N5HAH0t27rvrttgi6Ra9k/+DVaY9UF6+ybxu5pOXLUdA8N7Vg==
  /fill-range/7.0.1:
    dependencies:
      to-regex-range: 5.0.1
    dev: false
    engines:
      node: '>=8'
    resolution:
      integrity: sha512-qOo9F+dMUmC2Lcb4BbVvnKJxTPjCm+RRpe4gDuGrzkL7mEVl/djYSu2OdQ2Pa302N4oqkSg9ir6jaLWJ2USVpQ==
  /from2/2.3.0:
    dependencies:
      inherits: 2.0.4
      readable-stream: 2.3.7
    dev: false
    resolution:
      integrity: sha1-i/tVAr3kpNNs/e6gB/zKIdfjgq8=
  /fs-extra/8.1.0:
    dependencies:
      graceful-fs: 4.2.3
      jsonfile: 4.0.0
      universalify: 0.1.2
    dev: false
    engines:
      node: '>=6 <7 || >=8'
    resolution:
      integrity: sha512-yhlQgA6mnOJUKOsRUFsgJdQCvkKhcz8tlZG5HBQfReYZy46OwLcY+Zia0mtdHsOo9y/hP+CxMN0TU9QxoOtG4g==
  /fsevents/2.1.2:
    dev: false
    engines:
      node: ^8.16.0 || ^10.6.0 || >=11.0.0
    optional: true
    os:
      - darwin
    resolution:
      integrity: sha512-R4wDiBwZ0KzpgOWetKDug1FZcYhqYnUYKtfZYt4mD5SBz76q0KR4Q9o7GIPamsVPGmW3EYPPJ0dOOjvx32ldZA==
  /gatsby-core-utils/1.0.28:
    dependencies:
      ci-info: 2.0.0
      node-object-hash: 2.0.0
    dev: false
    resolution:
      integrity: sha512-XWKR9Rk2v6iQkmBsTLCdI3adyC9PCh1s5BQ85nlGitlgcVVQq98jZlQdcy0v9mJOrTuce0uf5RqkeGDWFLekoA==
  /gatsby-source-filesystem/2.1.48:
    dependencies:
      '@babel/runtime': 7.8.4
      better-queue: 3.8.10
      bluebird: 3.7.2
      chokidar: 3.3.0
      file-type: 12.4.2
      fs-extra: 8.1.0
      gatsby-core-utils: 1.0.28
      got: 8.3.2
      md5-file: 3.2.3
      mime: 2.4.4
      pretty-bytes: 5.3.0
      progress: 2.0.3
      read-chunk: 3.2.0
      valid-url: 1.0.9
      xstate: 4.7.8
    dev: false
    engines:
      node: '>=8.0.0'
    peerDependencies:
      gatsby: ^2.2.0
    resolution:
      integrity: sha512-m1RIYDoV9rhMe2p0ZJA1ae4IIX+iIJCMpNnQiQVtTf+mfihiWyDAdi4lsWzJUxPt8FQwDgUG7GzY3sAoGctvzQ==
  /get-stream/3.0.0:
    dev: false
    engines:
      node: '>=4'
    resolution:
      integrity: sha1-jpQ9E1jcN1VQVOy+LtsFqhdO3hQ=
  /glob-parent/5.1.0:
    dependencies:
      is-glob: 4.0.1
    dev: false
    engines:
      node: '>= 6'
    resolution:
      integrity: sha512-qjtRgnIVmOfnKUE3NJAQEdk+lKrxfw8t5ke7SXtfMTHcjsBfOfWXCQfdb30zfDoZQ2IRSIiidmjtbHZPZ++Ihw==
  /got/8.3.2:
    dependencies:
      '@sindresorhus/is': 0.7.0
      cacheable-request: 2.1.4
      decompress-response: 3.3.0
      duplexer3: 0.1.4
      get-stream: 3.0.0
      into-stream: 3.1.0
      is-retry-allowed: 1.2.0
      isurl: 1.0.0
      lowercase-keys: 1.0.1
      mimic-response: 1.0.1
      p-cancelable: 0.4.1
      p-timeout: 2.0.1
      pify: 3.0.0
      safe-buffer: 5.2.0
      timed-out: 4.0.1
      url-parse-lax: 3.0.0
      url-to-options: 1.0.1
    dev: false
    engines:
      node: '>=4'
    resolution:
      integrity: sha512-qjUJ5U/hawxosMryILofZCkm3C84PLJS/0grRIpjAwu+Lkxxj5cxeCU25BG0/3mDSpXKTyZr8oh8wIgLaH0QCw==
  /graceful-fs/4.2.3:
    dev: false
    resolution:
      integrity: sha512-a30VEBm4PEdx1dRB7MFK7BejejvCvBronbLjht+sHuGYj8PHs7M/5Z+rt5lw551vZ7yfTCj4Vuyy3mSJytDWRQ==
  /has-symbol-support-x/1.4.2:
    dev: false
    resolution:
      integrity: sha512-3ToOva++HaW+eCpgqZrCfN51IPB+7bJNVT6CUATzueB5Heb8o6Nam0V3HG5dlDvZU1Gn5QLcbahiKw/XVk5JJw==
  /has-to-string-tag-x/1.4.1:
    dependencies:
      has-symbol-support-x: 1.4.2
    dev: false
    resolution:
      integrity: sha512-vdbKfmw+3LoOYVr+mtxHaX5a96+0f3DljYd8JOqvOLsf5mw2Otda2qCDT9qRqLAhrjyQ0h7ual5nOiASpsGNFw==
  /http-cache-semantics/3.8.1:
    dev: false
    resolution:
      integrity: sha512-5ai2iksyV8ZXmnZhHH4rWPoxxistEexSi5936zIQ1bnNTW5VnA85B6P/VpXiRM017IgRvb2kKo1a//y+0wSp3w==
  /inherits/2.0.4:
    dev: false
    resolution:
      integrity: sha512-k/vGaX4/Yla3WzyMCvTQOXYeIHvqOKtnqBduzTHpzpQZzAskKMhZ2K+EnBiSM9zGSoIFeMpXKxa4dYeZIQqewQ==
  /into-stream/3.1.0:
    dependencies:
      from2: 2.3.0
      p-is-promise: 1.1.0
    dev: false
    engines:
      node: '>=4'
    resolution:
      integrity: sha1-lvsKk2wSur1v8XUqF9BWFqvQlMY=
  /is-binary-path/2.1.0:
    dependencies:
      binary-extensions: 2.0.0
    dev: false
    engines:
      node: '>=8'
    resolution:
      integrity: sha512-ZMERYes6pDydyuGidse7OsHxtbI7WVeUEozgR/g7rd0xUimYNlvZRE/K2MgZTjWy725IfelLeVcEM97mmtRGXw==
  /is-extglob/2.1.1:
    dev: false
    engines:
      node: '>=0.10.0'
    resolution:
      integrity: sha1-qIwCU1eR8C7TfHahueqXc8gz+MI=
  /is-glob/4.0.1:
    dependencies:
      is-extglob: 2.1.1
    dev: false
    engines:
      node: '>=0.10.0'
    resolution:
      integrity: sha512-5G0tKtBTFImOqDnLB2hG6Bp2qcKEFduo4tZu9MT/H6NQv/ghhy30o55ufafxJ/LdH79LLs2Kfrn85TLKyA7BUg==
  /is-number/7.0.0:
    dev: false
    engines:
      node: '>=0.12.0'
    resolution:
      integrity: sha512-41Cifkg6e8TylSpdtTpeLVMqvSBEVzTttHvERD741+pnZ8ANv0004MRL43QKPDlK9cGvNp6NZWZUBlbGXYxxng==
  /is-object/1.0.1:
    dev: false
    resolution:
      integrity: sha1-iVJojF7C/9awPsyF52ngKQMINHA=
  /is-plain-obj/1.1.0:
    dev: false
    engines:
      node: '>=0.10.0'
    resolution:
      integrity: sha1-caUMhCnfync8kqOQpKA7OfzVHT4=
  /is-retry-allowed/1.2.0:
    dev: false
    engines:
      node: '>=0.10.0'
    resolution:
      integrity: sha512-RUbUeKwvm3XG2VYamhJL1xFktgjvPzL0Hq8C+6yrWIswDy3BIXGqCxhxkc30N9jqK311gVU137K8Ei55/zVJRg==
  /isarray/1.0.0:
    dev: false
    resolution:
      integrity: sha1-u5NdSFgsuhaMBoNJV6VKPgcSTxE=
  /isurl/1.0.0:
    dependencies:
      has-to-string-tag-x: 1.4.1
      is-object: 1.0.1
    dev: false
    engines:
      node: '>= 4'
    resolution:
      integrity: sha512-1P/yWsxPlDtn7QeRD+ULKQPaIaN6yF368GZ2vDfv0AL0NwpStafjWCDDdn0k8wgFMWpVAqG7oJhxHnlud42i9w==
  /json-buffer/3.0.0:
    dev: false
    resolution:
      integrity: sha1-Wx85evx11ne96Lz8Dkfh+aPZqJg=
  /jsonfile/4.0.0:
    dev: false
    optionalDependencies:
      graceful-fs: 4.2.3
    resolution:
      integrity: sha1-h3Gq4HmbZAdrdmQPygWPnBDjPss=
  /keyv/3.0.0:
    dependencies:
      json-buffer: 3.0.0
    dev: false
    resolution:
      integrity: sha512-eguHnq22OE3uVoSYG0LVWNP+4ppamWr9+zWBe1bsNcovIMy6huUJFPgy4mGwCd/rnl3vOLGW1MTlu4c57CT1xA==
  /lowercase-keys/1.0.0:
    dev: false
    engines:
      node: '>=0.10.0'
    resolution:
      integrity: sha1-TjNms55/VFfjXxMkvfb4jQv8cwY=
  /lowercase-keys/1.0.1:
    dev: false
    engines:
      node: '>=0.10.0'
    resolution:
      integrity: sha512-G2Lj61tXDnVFFOi8VZds+SoQjtQC3dgokKdDG2mTm1tx4m50NUHBOZSBwQQHyy0V12A0JTG4icfZQH+xPyh8VA==
  /md5-file/3.2.3:
    dependencies:
      buffer-alloc: 1.2.0
    dev: false
    engines:
      node: '>=0.10'
    hasBin: true
    resolution:
      integrity: sha512-3Tkp1piAHaworfcCgH0jKbTvj1jWWFgbvh2cXaNCgHwyTCBxxvD1Y04rmfpvdPm1P4oXMOpm6+2H7sr7v9v8Fw==
  /mime/2.4.4:
    dev: false
    engines:
      node: '>=4.0.0'
    hasBin: true
    resolution:
      integrity: sha512-LRxmNwziLPT828z+4YkNzloCFC2YM4wrB99k+AV5ZbEyfGNWfG8SO1FUXLmLDBSo89NrJZ4DIWeLjy1CHGhMGA==
  /mimic-response/1.0.1:
    dev: false
    engines:
      node: '>=4'
    resolution:
      integrity: sha512-j5EctnkH7amfV/q5Hgmoal1g2QHFJRraOtmx0JpIqkxhBhI/lJSl1nMpQ45hVarwNETOoWEimndZ4QK0RHxuxQ==
  /node-eta/0.9.0:
    dev: false
    resolution:
      integrity: sha1-n7CwmbzSoCGUDmA8ZCVNwAPZp6g=
  /node-object-hash/2.0.0:
    dev: false
    engines:
      node: '>=0.10.0'
    resolution:
      integrity: sha512-VZR0zroAusy1ETZMZiGeLkdu50LGjG5U1KHZqTruqtTyQ2wfWhHG2Ow4nsUbfTFGlaREgNHcCWoM/OzEm6p+NQ==
  /normalize-path/3.0.0:
    dev: false
    engines:
      node: '>=0.10.0'
    resolution:
      integrity: sha512-6eZs5Ls3WtCisHWp9S2GUy8dqkpGi4BVSz3GaqiE6ezub0512ESztXUwUB6C6IKbQkY2Pnb/mD4WYojCRwcwLA==
  /normalize-url/2.0.1:
    dependencies:
      prepend-http: 2.0.0
      query-string: 5.1.1
      sort-keys: 2.0.0
    dev: false
    engines:
      node: '>=4'
    resolution:
      integrity: sha512-D6MUW4K/VzoJ4rJ01JFKxDrtY1v9wrgzCX5f2qj/lzH1m/lW6MhUZFKerVsnyjOhOsYzI9Kqqak+10l4LvLpMw==
  /object-assign/4.1.1:
    dev: false
    engines:
      node: '>=0.10.0'
    resolution:
      integrity: sha1-IQmtx5ZYh8/AXLvUQsrIv7s2CGM=
  /p-cancelable/0.4.1:
    dev: false
    engines:
      node: '>=4'
    resolution:
      integrity: sha512-HNa1A8LvB1kie7cERyy21VNeHb2CWJJYqyyC2o3klWFfMGlFmWv2Z7sFgZH8ZiaYL95ydToKTFVXgMV/Os0bBQ==
  /p-finally/1.0.0:
    dev: false
    engines:
      node: '>=4'
    resolution:
      integrity: sha1-P7z7FbiZpEEjs0ttzBi3JDNqLK4=
  /p-is-promise/1.1.0:
    dev: false
    engines:
      node: '>=4'
    resolution:
      integrity: sha1-nJRWmJ6fZYgBewQ01WCXZ1w9oF4=
  /p-timeout/2.0.1:
    dependencies:
      p-finally: 1.0.0
    dev: false
    engines:
      node: '>=4'
    resolution:
      integrity: sha512-88em58dDVB/KzPEx1X0N3LwFfYZPyDc4B6eF38M1rk9VTZMbxXXgjugz8mmwpS9Ox4BDZ+t6t3QP5+/gazweIA==
  /p-try/2.2.0:
    dev: false
    engines:
      node: '>=6'
    resolution:
      integrity: sha512-R4nPAVTAU0B9D35/Gk3uJf/7XYbQcyohSKdvAxIRSNghFl4e71hVoGnBNQz9cWaXxO2I10KTC+3jMdvvoKw6dQ==
  /picomatch/2.2.1:
    dev: false
    engines:
      node: '>=8.6'
    resolution:
      integrity: sha512-ISBaA8xQNmwELC7eOjqFKMESB2VIqt4PPDD0nsS95b/9dZXvVKOlz9keMSnoGGKcOHXfTvDD6WMaRoSc9UuhRA==
  /pify/3.0.0:
    dev: false
    engines:
      node: '>=4'
    resolution:
      integrity: sha1-5aSs0sEB/fPZpNB/DbxNtJ3SgXY=
  /pify/4.0.1:
    dev: false
    engines:
      node: '>=6'
    resolution:
      integrity: sha512-uB80kBFb/tfd68bVleG9T5GGsGPjJrLAUpR5PZIrhBnIaRTQRjqdJSsIKkOP6OAIFbj7GOrcudc5pNjZ+geV2g==
  /prepend-http/2.0.0:
    dev: false
    engines:
      node: '>=4'
    resolution:
      integrity: sha1-6SQ0v6XqjBn0HN/UAddBo8gZ2Jc=
  /pretty-bytes/5.3.0:
    dev: false
    engines:
      node: '>=6'
    resolution:
      integrity: sha512-hjGrh+P926p4R4WbaB6OckyRtO0F0/lQBiT+0gnxjV+5kjPBrfVBFCsCLbMqVQeydvIoouYTCmmEURiH3R1Bdg==
  /process-nextick-args/2.0.1:
    dev: false
    resolution:
      integrity: sha512-3ouUOpQhtgrbOa17J7+uxOTpITYWaGP7/AhoR3+A+/1e9skrzelGi/dXzEYyvbxubEF6Wn2ypscTKiKJFFn1ag==
  /progress/2.0.3:
    dev: false
    engines:
      node: '>=0.4.0'
    resolution:
      integrity: sha512-7PiHtLll5LdnKIMw100I+8xJXR5gW2QwWYkT6iJva0bXitZKa/XMrSbdmg3r2Xnaidz9Qumd0VPaMrZlF9V9sA==
  /query-string/5.1.1:
    dependencies:
      decode-uri-component: 0.2.0
      object-assign: 4.1.1
      strict-uri-encode: 1.1.0
    dev: false
    engines:
      node: '>=0.10.0'
    resolution:
      integrity: sha512-gjWOsm2SoGlgLEdAGt7a6slVOk9mGiXmPFMqrEhLQ68rhQuBnpfs3+EmlvqKyxnCo9/PPlF+9MtY02S1aFg+Jw==
  /read-chunk/3.2.0:
    dependencies:
      pify: 4.0.1
      with-open-file: 0.1.7
    dev: false
    engines:
      node: '>=6'
    resolution:
      integrity: sha512-CEjy9LCzhmD7nUpJ1oVOE6s/hBkejlcJEgLQHVnQznOSilOPb+kpKktlLfFDK3/WP43+F80xkUTM2VOkYoSYvQ==
  /readable-stream/2.3.7:
    dependencies:
      core-util-is: 1.0.2
      inherits: 2.0.4
      isarray: 1.0.0
      process-nextick-args: 2.0.1
      safe-buffer: 5.1.2
      string_decoder: 1.1.1
      util-deprecate: 1.0.2
    dev: false
    resolution:
      integrity: sha512-Ebho8K4jIbHAxnuxi7o42OrZgF/ZTNcsZj6nRKyUmkhLFq8CHItp/fy6hQZuZmP/n3yZ9VBUbp4zz/mX8hmYPw==
  /readdirp/3.2.0:
    dependencies:
      picomatch: 2.2.1
    dev: false
    engines:
      node: '>= 8'
    resolution:
      integrity: sha512-crk4Qu3pmXwgxdSgGhgA/eXiJAPQiX4GMOZZMXnqKxHX7TaoL+3gQVo/WeuAiogr07DpnfjIMpXXa+PAIvwPGQ==
  /regenerator-runtime/0.13.3:
    dev: false
    resolution:
      integrity: sha512-naKIZz2GQ8JWh///G7L3X6LaQUAMp2lvb1rvwwsURe/VXwD6VMfr+/1NuNw3ag8v2kY1aQ/go5SNn79O9JU7yw==
  /responselike/1.0.2:
    dependencies:
      lowercase-keys: 1.0.0
    dev: false
    resolution:
      integrity: sha1-kYcg7ztjHFZCvgaPFa3lpG9Loec=
  /safe-buffer/5.1.2:
    dev: false
    resolution:
      integrity: sha512-Gd2UZBJDkXlY7GbJxfsE8/nvKkUEU1G38c1siN6QP6a9PT9MmHB8GnpscSmMJSoF8LOIrt8ud/wPtojys4G6+g==
  /safe-buffer/5.2.0:
    dev: false
    resolution:
      integrity: sha512-fZEwUGbVl7kouZs1jCdMLdt95hdIv0ZeHg6L7qPeciMZhZ+/gdesW4wgTARkrFWEpspjEATAzUGPG8N2jJiwbg==
  /sort-keys/2.0.0:
    dependencies:
      is-plain-obj: 1.1.0
    dev: false
    engines:
      node: '>=4'
    resolution:
      integrity: sha1-ZYU1WEhh7JfXMNbPQYIuH1ZoQSg=
  /strict-uri-encode/1.1.0:
    dev: false
    engines:
      node: '>=0.10.0'
    resolution:
      integrity: sha1-J5siXfHVgrH1TmWt3UNS4Y+qBxM=
  /string_decoder/1.1.1:
    dependencies:
      safe-buffer: 5.1.2
    dev: false
    resolution:
      integrity: sha512-n/ShnvDi6FHbbVfviro+WojiFzv+s8MPMHBczVePfUpDJLwoLT0ht1l4YwBCbi8pJAveEEdnkHyPyTP/mzRfwg==
  /timed-out/4.0.1:
    dev: false
    engines:
      node: '>=0.10.0'
    resolution:
      integrity: sha1-8y6srFoXW+ol1/q1Zas+2HQe9W8=
  /to-regex-range/5.0.1:
    dependencies:
      is-number: 7.0.0
    dev: false
    engines:
      node: '>=8.0'
    resolution:
      integrity: sha512-65P7iz6X5yEr1cwcgvQxbbIw7Uk3gOy5dIdtZ4rDveLqhrdJP+Li/Hx6tyK0NEb+2GCyneCMJiGqrADCSNk8sQ==
  /universalify/0.1.2:
    dev: false
    engines:
      node: '>= 4.0.0'
    resolution:
      integrity: sha512-rBJeI5CXAlmy1pV+617WB9J63U6XcazHHF2f2dbJix4XzpUF0RS3Zbj0FGIOCAva5P/d/GBOYaACQ1w+0azUkg==
  /url-parse-lax/3.0.0:
    dependencies:
      prepend-http: 2.0.0
    dev: false
    engines:
      node: '>=4'
    resolution:
      integrity: sha1-FrXK/Afb42dsGxmZF3gj1lA6yww=
  /url-to-options/1.0.1:
    dev: false
    engines:
      node: '>= 4'
    resolution:
      integrity: sha1-FQWgOiiaSMvXpDTvuu7FBV9WM6k=
  /util-deprecate/1.0.2:
    dev: false
    resolution:
      integrity: sha1-RQ1Nyfpw3nMnYvvS1KKJgUGaDM8=
  /uuid/3.4.0:
    dev: false
    hasBin: true
    resolution:
      integrity: sha512-HjSDRw6gZE5JMggctHBcjVak08+KEVhSIiDzFnT9S9aegmp85S/bReBVTb4QTFaRNptJ9kuYaNhnbNEOkbKb/A==
  /valid-url/1.0.9:
    dev: false
    resolution:
      integrity: sha1-HBRHm0DxOXp1eC8RXkCGRHQzogA=
  /with-open-file/0.1.7:
    dependencies:
      p-finally: 1.0.0
      p-try: 2.2.0
      pify: 4.0.1
    dev: false
    engines:
      node: '>=6'
    resolution:
      integrity: sha512-ecJS2/oHtESJ1t3ZfMI3B7KIDKyfN0O16miWxdn30zdh66Yd3LsRFebXZXq6GU4xfxLf6nVxp9kIqElb5fqczA==
  /xstate/4.7.8:
    dev: false
    resolution:
      integrity: sha512-pRCBefTPvQRJWpvFi9xP4PkgozqpppKjC4xM1WjeFWxIroV1b7Jch4tnky30ZO4ywpVyn8bQMNRIC+5tuTfEKQ==
specifiers:
  gatsby-source-filesystem: ^2.1.48
