dependencies:
  normalize-url: 5.0.0
  unist-util-visit: 2.0.2
lockfileVersion: 5.1
packages:
  /@types/unist/2.0.3:
    dev: false
    resolution:
      integrity: sha512-FvUupuM3rlRsRtCN+fDudtmytGO6iHJuuRKS1Ss0pG5z8oX0diNEw94UEL7hgDbpN94rgaK5R7sWm6RrSkZuAQ==
  /normalize-url/5.0.0:
    dev: false
    engines:
      node: '>=10'
    resolution:
      integrity: sha512-bAEm2fx8Dq/a35Z6PIRkkBBJvR56BbEJvhpNtvCZ4W9FyORSna77fn+xtYFjqk5JpBS+fMnAOG/wFgkQBmB7hw==
  /unist-util-is/4.0.2:
    dev: false
    resolution:
      integrity: sha512-Ofx8uf6haexJwI1gxWMGg6I/dLnF2yE+KibhD3/diOqY2TinLcqHXCV6OI5gFVn3xQqDH+u0M625pfKwIwgBKQ==
  /unist-util-visit-parents/3.0.2:
    dependencies:
      '@types/unist': 2.0.3
      unist-util-is: 4.0.2
    dev: false
    resolution:
      integrity: sha512-yJEfuZtzFpQmg1OSCyS9M5NJRrln/9FbYosH3iW0MG402QbdbaB8ZESwUv9RO6nRfLAKvWcMxCwdLWOov36x/g==
  /unist-util-visit/2.0.2:
    dependencies:
      '@types/unist': 2.0.3
      unist-util-is: 4.0.2
      unist-util-visit-parents: 3.0.2
    dev: false
    resolution:
      integrity: sha512-HoHNhGnKj6y+Sq+7ASo2zpVdfdRifhTgX2KTU3B/sO/TTlZchp7E3S4vjRzDJ7L60KmrCPsQkVK3lEF3cz36XQ==
specifiers:
  normalize-url: ^5.0.0
  unist-util-visit: ^2.0.2
